# This file is automatically @generated by Cargo.
# It is not intended for manual editing.
[[package]]
name = "leb128"
version = "0.2.4"
source = "registry+https://github.com/rust-lang/crates.io-index"
checksum = "3576a87f2ba00f6f106fdfcd16db1d698d648a26ad8e0573cad8537c3c362d2a"

[[package]]
name = "wasm-parser"
version = "0.1.0"
dependencies = [
 "wast",
]

[[package]]
name = "wast"
version = "24.0.0"
source = "registry+https://github.com/rust-lang/crates.io-index"
checksum = "6ff1e3bd3ad0b2ee7784add89c30dc96b89a54b43e5d6d95d774eda1863b3500"
dependencies = [
 "leb128",
]
